<?xml version="1.0" encoding="utf-8"?>
<Project ToolsVersion="4.0" xmlns="http://schemas.microsoft.com/developer/msbuild/2003">
  <ItemGroup>
    <Filter Include="Frame">
      <UniqueIdentifier>{af829ad1-fdb0-4de9-a0c6-942b77382c6f}</UniqueIdentifier>
    </Filter>
    <Filter Include="Component">
      <UniqueIdentifier>{1a2b3c4d-5e6f-4a7b-8c9d-0e1f2a3b4c5d}</UniqueIdentifier>
    </Filter>
    <Filter Include="Object">
      <UniqueIdentifier>{34129637-c0f5-423a-8fdf-973c09107029}</UniqueIdentifier>
    </Filter>
    <Filter Include="Scene">
      <UniqueIdentifier>{1a8ddf13-90f9-4bcb-8f69-e26c501622b3}</UniqueIdentifier>
    </Filter>
    <Filter Include="imgui">
      <UniqueIdentifier>{bd732d3a-22b5-4fb6-a9e1-381bbe962618}</UniqueIdentifier>
    </Filter>
    <Filter Include="imgui\backends">
      <UniqueIdentifier>{564ee1fb-12ed-4a8b-a813-b7dbaa2e8d6b}</UniqueIdentifier>
    </Filter>
    <Filter Include="シェーダーファイル">
      <UniqueIdentifier>{67DA6AB6-F800-4c08-8B7A-83BB121AAD01}</UniqueIdentifier>
      <Extensions>rc;ico;cur;bmp;dlg;rc2;rct;bin;rgs;gif;jpg;jpeg;jpe;resx;tiff;tif;png;wav;mfcribbon-ms</Extensions>
    </Filter>
  </ItemGroup>
  <ItemGroup>
    <ClCompile Include="Frame\Gizmo.cpp">
      <Filter>Frame</Filter>
    </ClCompile>
    <ClCompile Include="Frame\Input.cpp">
      <Filter>Frame</Filter>
    </ClCompile>
    <ClCompile Include="Frame\Manager.cpp">
      <Filter>Frame</Filter>
    </ClCompile>
    <ClCompile Include="Frame\Profiler.cpp">
      <Filter>Frame</Filter>
    </ClCompile>
    <ClCompile Include="Frame\Renderer.cpp">
      <Filter>Frame</Filter>
    </ClCompile>
    <ClCompile Include="Frame\ShaderManager.cpp">
      <Filter>Frame</Filter>
    </ClCompile>
    <ClCompile Include="Frame\TextureManager.cpp">
      <Filter>Frame</Filter>
    </ClCompile>
    <ClCompile Include="Component\AnimationModel.cpp">
      <Filter>Component</Filter>
    </ClCompile>
    <ClCompile Include="Component\Audio.cpp">
      <Filter>Component</Filter>
    </ClCompile>
    <ClCompile Include="Component\BillboardRenderer.cpp">
      <Filter>Component</Filter>
    </ClCompile>
    <ClCompile Include="Component\Collider.cpp">
      <Filter>Component</Filter>
    </ClCompile>
    <ClCompile Include="Component\ModelRenderer.cpp">
      <Filter>Component</Filter>
    </ClCompile>
    <ClCompile Include="Component\Rigidbody.cpp">
      <Filter>Component</Filter>
    </ClCompile>
    <ClCompile Include="Component\SpriteAnimation.cpp">
      <Filter>Component</Filter>
    </ClCompile>
    <ClCompile Include="Object\Box.cpp">
      <Filter>Object</Filter>
    </ClCompile>
    <ClCompile Include="Object\Bullet.cpp">
      <Filter>Object</Filter>
    </ClCompile>
    <ClCompile Include="Object\Camera.cpp">
      <Filter>Object</Filter>
    </ClCompile>
    <ClCompile Include="Object\Cube.cpp">
      <Filter>Object</Filter>
    </ClCompile>
    <ClCompile Include="Object\Enemy.cpp">
      <Filter>Object</Filter>
    </ClCompile>
    <ClCompile Include="Object\Explosion.cpp">
      <Filter>Object</Filter>
    </ClCompile>
    <ClCompile Include="Object\Field.cpp">
      <Filter>Object</Filter>
    </ClCompile>
    <ClCompile Include="Object\MeshField.cpp">
      <Filter>Object</Filter>
    </ClCompile>
    <ClCompile Include="Object\Particle.cpp">
      <Filter>Object</Filter>
    </ClCompile>
    <ClCompile Include="Object\Player.cpp">
      <Filter>Object</Filter>
    </ClCompile>
    <ClCompile Include="Object\Polygon2D.cpp">
      <Filter>Object</Filter>
    </ClCompile>
    <ClCompile Include="Object\Score.cpp">
      <Filter>Object</Filter>
    </ClCompile>
    <ClCompile Include="Object\Shadow.cpp">
      <Filter>Object</Filter>
    </ClCompile>
    <ClCompile Include="Object\Sky.cpp">
      <Filter>Object</Filter>
    </ClCompile>
    <ClCompile Include="Object\Tree.cpp">
      <Filter>Object</Filter>
    </ClCompile>
    <ClCompile Include="Scene\GameScene.cpp">
      <Filter>Scene</Filter>
    </ClCompile>
    <ClCompile Include="Scene\ResultScene.cpp">
      <Filter>Scene</Filter>
    </ClCompile>
    <ClCompile Include="Scene\TitleScene.cpp">
      <Filter>Scene</Filter>
    </ClCompile>
    <ClCompile Include="main.cpp" />
    <ClCompile Include="ThirdParty\imgui\backends\imgui_impl_win32.cpp">
      <Filter>imgui\backends</Filter>
    </ClCompile>
    <ClCompile Include="ThirdParty\imgui\backends\imgui_impl_dx11.cpp">
      <Filter>imgui\backends</Filter>
    </ClCompile>
    <ClCompile Include="ThirdParty\imgui\imgui.cpp">
      <Filter>imgui</Filter>
    </ClCompile>
    <ClCompile Include="ThirdParty\imgui\imgui_demo.cpp">
      <Filter>imgui</Filter>
    </ClCompile>
    <ClCompile Include="ThirdParty\imgui\imgui_draw.cpp">
      <Filter>imgui</Filter>
    </ClCompile>
    <ClCompile Include="ThirdParty\imgui\imgui_tables.cpp">
      <Filter>imgui</Filter>
    </ClCompile>
    <ClCompile Include="ThirdParty\imgui\imgui_widgets.cpp">
      <Filter>imgui</Filter>
    </ClCompile>
  </ItemGroup>
  <ItemGroup>
    <ClInclude Include="Frame\Gizmo.h">
      <Filter>Frame</Filter>
    </ClInclude>
    <ClInclude Include="Frame\Input.h">
      <Filter>Frame</Filter>
    </ClInclude>
    <ClInclude Include="Frame\Manager.h">
      <Filter>Frame</Filter>
    </ClInclude>
    <ClInclude Include="Frame\Profiler.h">
      <Filter>Frame</Filter>
    </ClInclude>
    <ClInclude Include="Frame\Renderer.h">
      <Filter>Frame</Filter>
    </ClInclude>
    <ClInclude Include="Frame\ShaderManager.h">
      <Filter>Frame</Filter>
    </ClInclude>
    <ClInclude Include="Frame\TextureManager.h">
      <Filter>Frame</Filter>
    </ClInclude>
    <ClInclude Include="Frame\Vector3.h">
      <Filter>Frame</Filter>
    </ClInclude>
    <ClInclude Include="Component\AnimationModel.h">
      <Filter>Component</Filter>
    </ClInclude>
    <ClInclude Include="Component\Audio.h">
      <Filter>Component</Filter>
    </ClInclude>
    <ClInclude Include="Component\BillboardRenderer.h">
      <Filter>Component</Filter>
    </ClInclude>
    <ClInclude Include="Component\Collider.h">
      <Filter>Component</Filter>
    </ClInclude>
    <ClInclude Include="Component\ModelRenderer.h">
      <Filter>Component</Filter>
    </ClInclude>
    <ClInclude Include="Component\Rigidbody.h">
      <Filter>Component</Filter>
    </ClInclude>
    <ClInclude Include="Component\SpriteAnimation.h">
      <Filter>Component</Filter>
    </ClInclude>
    <ClInclude Include="Object\Box.h">
      <Filter>Object</Filter>
    </ClInclude>
    <ClInclude Include="Object\Bullet.h">
      <Filter>Object</Filter>
    </ClInclude>
    <ClInclude Include="Object\Camera.h">
      <Filter>Object</Filter>
    </ClInclude>
    <ClInclude Include="Object\Cube.h">
      <Filter>Object</Filter>
    </ClInclude>
    <ClInclude Include="Object\Enemy.h">
      <Filter>Object</Filter>
    </ClInclude>
    <ClInclude Include="Object\Explosion.h">
      <Filter>Object</Filter>
    </ClInclude>
    <ClInclude Include="Object\Field.h">
      <Filter>Object</Filter>
    </ClInclude>
    <ClInclude Include="Object\MeshField.h">
      <Filter>Object</Filter>
    </ClInclude>
    <ClInclude Include="Object\Particle.h">
      <Filter>Object</Filter>
    </ClInclude>
    <ClInclude Include="Object\Player.h">
      <Filter>Object</Filter>
    </ClInclude>
    <ClInclude Include="Object\Polygon2D.h">
      <Filter>Object</Filter>
    </ClInclude>
    <ClInclude Include="Object\Score.h">
      <Filter>Object</Filter>
    </ClInclude>
    <ClInclude Include="Object\Shadow.h">
      <Filter>Object</Filter>
    </ClInclude>
    <ClInclude Include="Object\Sky.h">
      <Filter>Object</Filter>
    </ClInclude>
    <ClInclude Include="Object\Tree.h">
      <Filter>Object</Filter>
    </ClInclude>
    <ClInclude Include="Scene\GameScene.h">
      <Filter>Scene</Filter>
    </ClInclude>
    <ClInclude Include="Scene\ResultScene.h">
      <Filter>Scene</Filter>
    </ClInclude>
    <ClInclude Include="Scene\TitleScene.h">
      <Filter>Scene</Filter>
    </ClInclude>
    <ClInclude Include="main.h" />
    <ClInclude Include="Frame\Scene.h">
      <Filter>Scene</Filter>
    </ClInclude>
    <ClInclude Include="Frame\Component.h">
      <Filter>Component</Filter>
    </ClInclude>
    <ClInclude Include="Frame\GameObject.h">
      <Filter>Object</Filter>
    </ClInclude>
    <ClInclude Include="ThirdParty\imgui\backends\imgui_impl_win32.h">
      <Filter>imgui\backends</Filter>
    </ClInclude>
    <ClInclude Include="ThirdParty\imgui\backends\imgui_impl_dx11.h">
      <Filter>imgui\backends</Filter>
    </ClInclude>
    <ClInclude Include="ThirdParty\imgui\imconfig.h">
      <Filter>imgui</Filter>
    </ClInclude>
    <ClInclude Include="ThirdParty\imgui\imgui.h">
      <Filter>imgui</Filter>
    </ClInclude>
    <ClInclude Include="ThirdParty\imgui\imgui_internal.h">
      <Filter>imgui</Filter>
    </ClInclude>
    <ClInclude Include="ThirdParty\imgui\imstb_rectpack.h">
      <Filter>imgui</Filter>
    </ClInclude>
    <ClInclude Include="ThirdParty\imgui\imstb_textedit.h">
      <Filter>imgui</Filter>
    </ClInclude>
    <ClInclude Include="ThirdParty\imgui\imstb_truetype.h">
      <Filter>imgui</Filter>
    </ClInclude>
  </ItemGroup>
  <ItemGroup>
    <FxCompile Include="shader\common.hlsl">
      <Filter>シェーダーファイル</Filter>
    </FxCompile>
    <FxCompile Include="shader\unlitTexturePS.hlsl">
      <Filter>シェーダーファイル</Filter>
    </FxCompile>
    <FxCompile Include="shader\unlitTextureVS.hlsl">
      <Filter>シェーダーファイル</Filter>
    </FxCompile>
    <FxCompile Include="shader\fieldPS.hlsl">
      <Filter>シェーダーファイル</Filter>
    </FxCompile>
    <FxCompile Include="shader\fieldVS.hlsl">
      <Filter>シェーダーファイル</Filter>
    </FxCompile>
    <FxCompile Include="shader\SkinVS.hlsl">
      <Filter>シェーダーファイル</Filter>
    </FxCompile>
  </ItemGroup>
</Project>