<?xml version="1.0" encoding="utf-8"?>
<Project ToolsVersion="4.0" xmlns="http://schemas.microsoft.com/developer/msbuild/2003">
  <ItemGroup>
    <Filter Include="Component">
      <UniqueIdentifier>{c819b487-9c94-536d-a586-ca7d978ddda3}</UniqueIdentifier>
    </Filter>
    <Filter Include="Frame">
      <UniqueIdentifier>{1c0b5f13-3467-5320-9b1e-0fc0b0d71721}</UniqueIdentifier>
    </Filter>
    <Filter Include="Object">
      <UniqueIdentifier>{be934c7c-a34e-511c-900c-ba9a0174f449}</UniqueIdentifier>
    </Filter>
    <Filter Include="ThirdParty">
      <UniqueIdentifier>{f5f33457-2e34-5da6-b899-a59aa0fab59b}</UniqueIdentifier>
    </Filter>
    <Filter Include="shader">
      <UniqueIdentifier>{a1f90f52-b7d4-5dc3-b29e-efaefee02b51}</UniqueIdentifier>
    </Filter>
  </ItemGroup>
  <ItemGroup>
    <ClCompile Include="Frame\AssetBrowser.cpp">
      <Filter>Frame</Filter>
    </ClCompile>
    <ClCompile Include="Frame\Console.cpp">
      <Filter>Frame</Filter>
    </ClCompile>
    <ClCompile Include="Frame\EditorCamera.cpp">
      <Filter>Frame</Filter>
    </ClCompile>
    <ClCompile Include="Frame\EditorGUI.cpp">
      <Filter>Frame</Filter>
    </ClCompile>
    <ClCompile Include="Frame\EngineMain.cpp">
      <Filter>Frame</Filter>
    </ClCompile>
    <ClCompile Include="Frame\EnginePaths.cpp">
      <Filter>Frame</Filter>
    </ClCompile>
    <ClCompile Include="Frame\GameBuilder.cpp">
      <Filter>Frame</Filter>
    </ClCompile>
    <ClCompile Include="Frame\GameObject.cpp">
      <Filter>Frame</Filter>
    </ClCompile>
    <ClCompile Include="Frame\Gizmo.cpp">
      <Filter>Frame</Filter>
    </ClCompile>
    <ClCompile Include="Frame\Input.cpp">
      <Filter>Frame</Filter>
    </ClCompile>
    <ClCompile Include="Frame\Manager.cpp">
      <Filter>Frame</Filter>
    </ClCompile>
    <ClCompile Include="Frame\Primitives.cpp">
      <Filter>Frame</Filter>
    </ClCompile>
    <ClCompile Include="Frame\Profiler.cpp">
      <Filter>Frame</Filter>
    </ClCompile>
    <ClCompile Include="Frame\ProjectSettings.cpp">
      <Filter>Frame</Filter>
    </ClCompile>
    <ClCompile Include="Frame\Registry.cpp">
      <Filter>Frame</Filter>
    </ClCompile>
    <ClCompile Include="Frame\Renderer.cpp">
      <Filter>Frame</Filter>
    </ClCompile>
    <ClCompile Include="Frame\SceneGrid.cpp">
      <Filter>Frame</Filter>
    </ClCompile>
    <ClCompile Include="Frame\SceneSerializer.cpp">
      <Filter>Frame</Filter>
    </ClCompile>
    <ClCompile Include="Frame\ScriptTool.cpp">
      <Filter>Frame</Filter>
    </ClCompile>
    <ClCompile Include="Frame\ShaderManager.cpp">
      <Filter>Frame</Filter>
    </ClCompile>
    <ClCompile Include="Frame\TextureManager.cpp">
      <Filter>Frame</Filter>
    </ClCompile>
    <ClCompile Include="Frame\UndoSystem.cpp">
      <Filter>Frame</Filter>
    </ClCompile>
    <ClCompile Include="Component\AnimationModel.cpp">
      <Filter>Component</Filter>
    </ClCompile>
    <ClCompile Include="Component\Audio.cpp">
      <Filter>Component</Filter>
    </ClCompile>
    <ClCompile Include="Component\BillboardRenderer.cpp">
      <Filter>Component</Filter>
    </ClCompile>
    <ClCompile Include="Component\CameraComponent.cpp">
      <Filter>Component</Filter>
    </ClCompile>
    <ClCompile Include="Component\Collider.cpp">
      <Filter>Component</Filter>
    </ClCompile>
    <ClCompile Include="Component\ModelRenderer.cpp">
      <Filter>Component</Filter>
    </ClCompile>
    <ClCompile Include="Component\PrimitiveRenderer.cpp">
      <Filter>Component</Filter>
    </ClCompile>
    <ClCompile Include="Component\Rigidbody.cpp">
      <Filter>Component</Filter>
    </ClCompile>
    <ClCompile Include="Component\SpriteAnimation.cpp">
      <Filter>Component</Filter>
    </ClCompile>
    <ClCompile Include="Object\Camera.cpp">
      <Filter>Object</Filter>
    </ClCompile>
    <ClCompile Include="Object\Cube.cpp">
      <Filter>Object</Filter>
    </ClCompile>
    <ClCompile Include="Object\Field.cpp">
      <Filter>Object</Filter>
    </ClCompile>
    <ClCompile Include="Object\MeshField.cpp">
      <Filter>Object</Filter>
    </ClCompile>
    <ClCompile Include="Object\Particle.cpp">
      <Filter>Object</Filter>
    </ClCompile>
    <ClCompile Include="Object\Polygon2D.cpp">
      <Filter>Object</Filter>
    </ClCompile>
    <ClCompile Include="Object\Score.cpp">
      <Filter>Object</Filter>
    </ClCompile>
    <ClCompile Include="Object\Shadow.cpp">
      <Filter>Object</Filter>
    </ClCompile>
    <ClCompile Include="Object\Sky.cpp">
      <Filter>Object</Filter>
    </ClCompile>
    <ClCompile Include="ThirdParty\ImGuizmo\ImGuizmo.cpp">
      <Filter>ThirdParty</Filter>
    </ClCompile>
    <ClCompile Include="ThirdParty\imgui\imgui.cpp">
      <Filter>ThirdParty</Filter>
    </ClCompile>
    <ClCompile Include="ThirdParty\imgui\imgui_demo.cpp">
      <Filter>ThirdParty</Filter>
    </ClCompile>
    <ClCompile Include="ThirdParty\imgui\imgui_draw.cpp">
      <Filter>ThirdParty</Filter>
    </ClCompile>
    <ClCompile Include="ThirdParty\imgui\imgui_tables.cpp">
      <Filter>ThirdParty</Filter>
    </ClCompile>
    <ClCompile Include="ThirdParty\imgui\imgui_widgets.cpp">
      <Filter>ThirdParty</Filter>
    </ClCompile>
    <ClCompile Include="ThirdParty\imgui\backends\imgui_impl_dx11.cpp">
      <Filter>ThirdParty</Filter>
    </ClCompile>
    <ClCompile Include="ThirdParty\imgui\backends\imgui_impl_win32.cpp">
      <Filter>ThirdParty</Filter>
    </ClCompile>
  </ItemGroup>
  <ItemGroup>
    <ClInclude Include="EngineAPI.h">
      <Filter>Frame</Filter>
    </ClInclude>
    <ClInclude Include="main.h">
      <Filter>Frame</Filter>
    </ClInclude>
    <ClInclude Include="Frame\AssetBrowser.h">
      <Filter>Frame</Filter>
    </ClInclude>
    <ClInclude Include="Frame\Component.h">
      <Filter>Frame</Filter>
    </ClInclude>
    <ClInclude Include="Frame\Console.h">
      <Filter>Frame</Filter>
    </ClInclude>
    <ClInclude Include="Frame\EditorCamera.h">
      <Filter>Frame</Filter>
    </ClInclude>
    <ClInclude Include="Frame\EditorGUI.h">
      <Filter>Frame</Filter>
    </ClInclude>
    <ClInclude Include="Frame\EngineMain.h">
      <Filter>Frame</Filter>
    </ClInclude>
    <ClInclude Include="Frame\EnginePaths.h">
      <Filter>Frame</Filter>
    </ClInclude>
    <ClInclude Include="Frame\GameBuilder.h">
      <Filter>Frame</Filter>
    </ClInclude>
    <ClInclude Include="Frame\GameObject.h">
      <Filter>Frame</Filter>
    </ClInclude>
    <ClInclude Include="Frame\Gizmo.h">
      <Filter>Frame</Filter>
    </ClInclude>
    <ClInclude Include="Frame\Input.h">
      <Filter>Frame</Filter>
    </ClInclude>
    <ClInclude Include="Frame\JsonUtil.h">
      <Filter>Frame</Filter>
    </ClInclude>
    <ClInclude Include="Frame\Manager.h">
      <Filter>Frame</Filter>
    </ClInclude>
    <ClInclude Include="Frame\Primitives.h">
      <Filter>Frame</Filter>
    </ClInclude>
    <ClInclude Include="Frame\Profiler.h">
      <Filter>Frame</Filter>
    </ClInclude>
    <ClInclude Include="Frame\ProjectSettings.h">
      <Filter>Frame</Filter>
    </ClInclude>
    <ClInclude Include="Frame\Registry.h">
      <Filter>Frame</Filter>
    </ClInclude>
    <ClInclude Include="Frame\Renderer.h">
      <Filter>Frame</Filter>
    </ClInclude>
    <ClInclude Include="Frame\Scene.h">
      <Filter>Frame</Filter>
    </ClInclude>
    <ClInclude Include="Frame\SceneGrid.h">
      <Filter>Frame</Filter>
    </ClInclude>
    <ClInclude Include="Frame\SceneSerializer.h">
      <Filter>Frame</Filter>
    </ClInclude>
    <ClInclude Include="Frame\ScriptTool.h">
      <Filter>Frame</Filter>
    </ClInclude>
    <ClInclude Include="Frame\ShaderManager.h">
      <Filter>Frame</Filter>
    </ClInclude>
    <ClInclude Include="Frame\TextureManager.h">
      <Filter>Frame</Filter>
    </ClInclude>
    <ClInclude Include="Frame\UndoSystem.h">
      <Filter>Frame</Filter>
    </ClInclude>
    <ClInclude Include="Frame\Vector3.h">
      <Filter>Frame</Filter>
    </ClInclude>
    <ClInclude Include="Component\AnimationModel.h">
      <Filter>Component</Filter>
    </ClInclude>
    <ClInclude Include="Component\Audio.h">
      <Filter>Component</Filter>
    </ClInclude>
    <ClInclude Include="Component\BillboardRenderer.h">
      <Filter>Component</Filter>
    </ClInclude>
    <ClInclude Include="Component\CameraComponent.h">
      <Filter>Component</Filter>
    </ClInclude>
    <ClInclude Include="Component\Collider.h">
      <Filter>Component</Filter>
    </ClInclude>
    <ClInclude Include="Component\ModelRenderer.h">
      <Filter>Component</Filter>
    </ClInclude>
    <ClInclude Include="Component\PrimitiveRenderer.h">
      <Filter>Component</Filter>
    </ClInclude>
    <ClInclude Include="Component\Rigidbody.h">
      <Filter>Component</Filter>
    </ClInclude>
    <ClInclude Include="Component\SpriteAnimation.h">
      <Filter>Component</Filter>
    </ClInclude>
    <ClInclude Include="Object\Camera.h">
      <Filter>Object</Filter>
    </ClInclude>
    <ClInclude Include="Object\Cube.h">
      <Filter>Object</Filter>
    </ClInclude>
    <ClInclude Include="Object\Field.h">
      <Filter>Object</Filter>
    </ClInclude>
    <ClInclude Include="Object\MeshField.h">
      <Filter>Object</Filter>
    </ClInclude>
    <ClInclude Include="Object\Particle.h">
      <Filter>Object</Filter>
    </ClInclude>
    <ClInclude Include="Object\Polygon2D.h">
      <Filter>Object</Filter>
    </ClInclude>
    <ClInclude Include="Object\Score.h">
      <Filter>Object</Filter>
    </ClInclude>
    <ClInclude Include="Object\Shadow.h">
      <Filter>Object</Filter>
    </ClInclude>
    <ClInclude Include="Object\Sky.h">
      <Filter>Object</Filter>
    </ClInclude>
    <ClInclude Include="ThirdParty\ImGuizmo\ImGuizmo.h">
      <Filter>ThirdParty</Filter>
    </ClInclude>
    <ClInclude Include="ThirdParty\imgui\imconfig.h">
      <Filter>ThirdParty</Filter>
    </ClInclude>
    <ClInclude Include="ThirdParty\imgui\imgui.h">
      <Filter>ThirdParty</Filter>
    </ClInclude>
    <ClInclude Include="ThirdParty\imgui\imgui_internal.h">
      <Filter>ThirdParty</Filter>
    </ClInclude>
    <ClInclude Include="ThirdParty\imgui\backends\imgui_impl_dx11.h">
      <Filter>ThirdParty</Filter>
    </ClInclude>
    <ClInclude Include="ThirdParty\imgui\backends\imgui_impl_win32.h">
      <Filter>ThirdParty</Filter>
    </ClInclude>
    <ClInclude Include="ThirdParty\nlohmann\json.hpp">
      <Filter>ThirdParty</Filter>
    </ClInclude>
    <ClInclude Include="ThirdParty\nlohmann\json_fwd.hpp">
      <Filter>ThirdParty</Filter>
    </ClInclude>
  </ItemGroup>
  <ItemGroup>
    <FxCompile Include="shader\common.hlsl">
      <Filter>shader</Filter>
    </FxCompile>
    <FxCompile Include="shader\SkinVS.hlsl">
      <Filter>shader</Filter>
    </FxCompile>
    <FxCompile Include="shader\fieldPS.hlsl">
      <Filter>shader</Filter>
    </FxCompile>
    <FxCompile Include="shader\fieldVS.hlsl">
      <Filter>shader</Filter>
    </FxCompile>
    <FxCompile Include="shader\litPS.hlsl">
      <Filter>shader</Filter>
    </FxCompile>
    <FxCompile Include="shader\litVS.hlsl">
      <Filter>shader</Filter>
    </FxCompile>
    <FxCompile Include="shader\unlitTexturePS.hlsl">
      <Filter>shader</Filter>
    </FxCompile>
    <FxCompile Include="shader\unlitTextureVS.hlsl">
      <Filter>shader</Filter>
    </FxCompile>
  </ItemGroup>
</Project>
