<?xml version="1.0" encoding="utf-8"?>
<Project ToolsVersion="4.0" xmlns="http://schemas.microsoft.com/developer/msbuild/2003">
  <ItemGroup>
    <Filter Include="Scene">
      <UniqueIdentifier>{906dda5b-3987-51d1-afee-6c4609361bb8}</UniqueIdentifier>
    </Filter>
    <Filter Include="Script">
      <UniqueIdentifier>{61e89049-8d64-512a-b917-917936858545}</UniqueIdentifier>
    </Filter>
  </ItemGroup>
  <ItemGroup>
    <ClCompile Include="Script\BulletController.cpp">
      <Filter>Script</Filter>
    </ClCompile>
    <ClCompile Include="Script\EnemyController.cpp">
      <Filter>Script</Filter>
    </ClCompile>
    <ClCompile Include="Script\PlayerController.cpp">
      <Filter>Script</Filter>
    </ClCompile>
    <ClCompile Include="Script\Prefabs.cpp">
      <Filter>Script</Filter>
    </ClCompile>
    <ClCompile Include="Scene\GameScene.cpp">
      <Filter>Scene</Filter>
    </ClCompile>
    <ClCompile Include="Scene\ResultScene.cpp">
      <Filter>Scene</Filter>
    </ClCompile>
    <ClCompile Include="Scene\TitleScene.cpp">
      <Filter>Scene</Filter>
    </ClCompile>
  </ItemGroup>
  <ItemGroup>
    <ClInclude Include="Script\BulletController.h">
      <Filter>Script</Filter>
    </ClInclude>
    <ClInclude Include="Script\EnemyController.h">
      <Filter>Script</Filter>
    </ClInclude>
    <ClInclude Include="Script\PlayerController.h">
      <Filter>Script</Filter>
    </ClInclude>
    <ClInclude Include="Script\Prefabs.h">
      <Filter>Script</Filter>
    </ClInclude>
    <ClInclude Include="Scene\GameScene.h">
      <Filter>Scene</Filter>
    </ClInclude>
    <ClInclude Include="Scene\ResultScene.h">
      <Filter>Scene</Filter>
    </ClInclude>
    <ClInclude Include="Scene\TitleScene.h">
      <Filter>Scene</Filter>
    </ClInclude>
  </ItemGroup>
</Project>
